
Microsoft Visual Studio Solution File, Format Version 12.00
# Visual Studio Version 17
VisualStudioVersion = 17.8.34330.188
MinimumVisualStudioVersion = 10.0.40219.1
Project("{2150E333-8FDC-42A3-9474-1A3956D46DE8}") = "src", "src", "{1D272481-EBAD-41F7-84ED-4F478A418D3F}"
EndProject
Project("{2150E333-8FDC-42A3-9474-1A3956D46DE8}") = "CoreMicroserviceCommon", "CoreMicroserviceCommon", "{063BAE27-FC43-4902-86A7-8F54EDD0E53B}"
EndProject
Project("{2150E333-8FDC-42A3-9474-1A3956D46DE8}") = "Services", "Services", "{3055BE3B-9125-438A-B688-2080B0CBA1FC}"
EndProject
Project("{2150E333-8FDC-42A3-9474-1A3956D46DE8}") = "Student", "Student", "{198D3C30-E9B0-4DF7-B34D-7CC418F0C4ED}"
EndProject
Project("{2150E333-8FDC-42A3-9474-1A3956D46DE8}") = "Teacher", "Teacher", "{4383D465-E53A-43D1-B1BA-CD8EE5922079}"
EndProject
Project("{FAE04EC0-301F-11D3-BF4B-00C04F79EFBC}") = "Student.API", "src\Services\Student\Student.API\Student.API.csproj", "{944B7520-3EB5-4C6B-9994-719EF1EA73E4}"
EndProject
Project("{FAE04EC0-301F-11D3-BF4B-00C04F79EFBC}") = "Student.Domain", "src\Services\Student\Student.Domain\Student.Domain.csproj", "{3827DF2E-5C2B-4F0B-B6B2-6B4E84D65BB7}"
EndProject
Project("{FAE04EC0-301F-11D3-BF4B-00C04F79EFBC}") = "Student.DTO", "src\Services\Student\Student.DTO\Student.DTO.csproj", "{2F6DEE88-1242-4E6A-8308-6C74CD00782E}"
EndProject
Project("{FAE04EC0-301F-11D3-BF4B-00C04F79EFBC}") = "Student.Infrastructure", "src\Services\Student\Student.Infrastructure\Student.Infrastructure.csproj", "{6190BA3B-DDA4-4D11-864C-0030FC7813EC}"
EndProject
Project("{FAE04EC0-301F-11D3-BF4B-00C04F79EFBC}") = "Teacher.API", "src\Services\Teacher\Teacher.API\Teacher.API.csproj", "{BFD05712-C97E-438C-8460-8EF50926C564}"
EndProject
Project("{FAE04EC0-301F-11D3-BF4B-00C04F79EFBC}") = "Teacher.Domain", "src\Services\Teacher\Teacher.Domain\Teacher.Domain.csproj", "{47306B9C-E7EA-4130-AA4A-C47FC3F55FA9}"
EndProject
Project("{FAE04EC0-301F-11D3-BF4B-00C04F79EFBC}") = "Teacher.Infrastructure", "src\Services\Teacher\Teacher.Infrastructure\Teacher.Infrastructure.csproj", "{EF84C09A-3619-40C4-9988-3D4494065B43}"
EndProject
Project("{FAE04EC0-301F-11D3-BF4B-00C04F79EFBC}") = "Teacher.DTO", "src\Services\Teacher\Teacher.DTO\Teacher.DTO.csproj", "{1B9262FA-6287-4B5C-B14F-2AF86B57252A}"
EndProject
Project("{FAE04EC0-301F-11D3-BF4B-00C04F79EFBC}") = "Repositories", "src\CoreMicroserviceCommon\Repositories\Repositories.csproj", "{C6A52FF2-F9A5-47D2-B31E-D7CFA1DD69FA}"
EndProject
Project("{FAE04EC0-301F-11D3-BF4B-00C04F79EFBC}") = "BaseTriggers", "src\CoreMicroserviceCommon\BaseTriggers\BaseTriggers.csproj", "{0AA5E2E2-61C0-43AA-A9FE-9E9793452199}"
EndProject
Global
	GlobalSection(SolutionConfigurationPlatforms) = preSolution
		Debug|Any CPU = Debug|Any CPU
		Release|Any CPU = Release|Any CPU
	EndGlobalSection
	GlobalSection(ProjectConfigurationPlatforms) = postSolution
		{944B7520-3EB5-4C6B-9994-719EF1EA73E4}.Debug|Any CPU.ActiveCfg = Debug|Any CPU
		{944B7520-3EB5-4C6B-9994-719EF1EA73E4}.Debug|Any CPU.Build.0 = Debug|Any CPU
		{944B7520-3EB5-4C6B-9994-719EF1EA73E4}.Release|Any CPU.ActiveCfg = Release|Any CPU
		{944B7520-3EB5-4C6B-9994-719EF1EA73E4}.Release|Any CPU.Build.0 = Release|Any CPU
		{3827DF2E-5C2B-4F0B-B6B2-6B4E84D65BB7}.Debug|Any CPU.ActiveCfg = Debug|Any CPU
		{3827DF2E-5C2B-4F0B-B6B2-6B4E84D65BB7}.Debug|Any CPU.Build.0 = Debug|Any CPU
		{3827DF2E-5C2B-4F0B-B6B2-6B4E84D65BB7}.Release|Any CPU.ActiveCfg = Release|Any CPU
		{3827DF2E-5C2B-4F0B-B6B2-6B4E84D65BB7}.Release|Any CPU.Build.0 = Release|Any CPU
		{2F6DEE88-1242-4E6A-8308-6C74CD00782E}.Debug|Any CPU.ActiveCfg = Debug|Any CPU
		{2F6DEE88-1242-4E6A-8308-6C74CD00782E}.Debug|Any CPU.Build.0 = Debug|Any CPU
		{2F6DEE88-1242-4E6A-8308-6C74CD00782E}.Release|Any CPU.ActiveCfg = Release|Any CPU
		{2F6DEE88-1242-4E6A-8308-6C74CD00782E}.Release|Any CPU.Build.0 = Release|Any CPU
		{6190BA3B-DDA4-4D11-864C-0030FC7813EC}.Debug|Any CPU.ActiveCfg = Debug|Any CPU
		{6190BA3B-DDA4-4D11-864C-0030FC7813EC}.Debug|Any CPU.Build.0 = Debug|Any CPU
		{6190BA3B-DDA4-4D11-864C-0030FC7813EC}.Release|Any CPU.ActiveCfg = Release|Any CPU
		{6190BA3B-DDA4-4D11-864C-0030FC7813EC}.Release|Any CPU.Build.0 = Release|Any CPU
		{BFD05712-C97E-438C-8460-8EF50926C564}.Debug|Any CPU.ActiveCfg = Debug|Any CPU
		{BFD05712-C97E-438C-8460-8EF50926C564}.Debug|Any CPU.Build.0 = Debug|Any CPU
		{BFD05712-C97E-438C-8460-8EF50926C564}.Release|Any CPU.ActiveCfg = Release|Any CPU
		{BFD05712-C97E-438C-8460-8EF50926C564}.Release|Any CPU.Build.0 = Release|Any CPU
		{47306B9C-E7EA-4130-AA4A-C47FC3F55FA9}.Debug|Any CPU.ActiveCfg = Debug|Any CPU
		{47306B9C-E7EA-4130-AA4A-C47FC3F55FA9}.Debug|Any CPU.Build.0 = Debug|Any CPU
		{47306B9C-E7EA-4130-AA4A-C47FC3F55FA9}.Release|Any CPU.ActiveCfg = Release|Any CPU
		{47306B9C-E7EA-4130-AA4A-C47FC3F55FA9}.Release|Any CPU.Build.0 = Release|Any CPU
		{EF84C09A-3619-40C4-9988-3D4494065B43}.Debug|Any CPU.ActiveCfg = Debug|Any CPU
		{EF84C09A-3619-40C4-9988-3D4494065B43}.Debug|Any CPU.Build.0 = Debug|Any CPU
		{EF84C09A-3619-40C4-9988-3D4494065B43}.Release|Any CPU.ActiveCfg = Release|Any CPU
		{EF84C09A-3619-40C4-9988-3D4494065B43}.Release|Any CPU.Build.0 = Release|Any CPU
		{1B9262FA-6287-4B5C-B14F-2AF86B57252A}.Debug|Any CPU.ActiveCfg = Debug|Any CPU
		{1B9262FA-6287-4B5C-B14F-2AF86B57252A}.Debug|Any CPU.Build.0 = Debug|Any CPU
		{1B9262FA-6287-4B5C-B14F-2AF86B57252A}.Release|Any CPU.ActiveCfg = Release|Any CPU
		{1B9262FA-6287-4B5C-B14F-2AF86B57252A}.Release|Any CPU.Build.0 = Release|Any CPU
		{C6A52FF2-F9A5-47D2-B31E-D7CFA1DD69FA}.Debug|Any CPU.ActiveCfg = Debug|Any CPU
		{C6A52FF2-F9A5-47D2-B31E-D7CFA1DD69FA}.Debug|Any CPU.Build.0 = Debug|Any CPU
		{C6A52FF2-F9A5-47D2-B31E-D7CFA1DD69FA}.Release|Any CPU.ActiveCfg = Release|Any CPU
		{C6A52FF2-F9A5-47D2-B31E-D7CFA1DD69FA}.Release|Any CPU.Build.0 = Release|Any CPU
		{0AA5E2E2-61C0-43AA-A9FE-9E9793452199}.Debug|Any CPU.ActiveCfg = Debug|Any CPU
		{0AA5E2E2-61C0-43AA-A9FE-9E9793452199}.Debug|Any CPU.Build.0 = Debug|Any CPU
		{0AA5E2E2-61C0-43AA-A9FE-9E9793452199}.Release|Any CPU.ActiveCfg = Release|Any CPU
		{0AA5E2E2-61C0-43AA-A9FE-9E9793452199}.Release|Any CPU.Build.0 = Release|Any CPU
	EndGlobalSection
	GlobalSection(SolutionProperties) = preSolution
		HideSolutionNode = FALSE
	EndGlobalSection
	GlobalSection(NestedProjects) = preSolution
		{063BAE27-FC43-4902-86A7-8F54EDD0E53B} = {1D272481-EBAD-41F7-84ED-4F478A418D3F}
		{3055BE3B-9125-438A-B688-2080B0CBA1FC} = {1D272481-EBAD-41F7-84ED-4F478A418D3F}
		{198D3C30-E9B0-4DF7-B34D-7CC418F0C4ED} = {3055BE3B-9125-438A-B688-2080B0CBA1FC}
		{4383D465-E53A-43D1-B1BA-CD8EE5922079} = {3055BE3B-9125-438A-B688-2080B0CBA1FC}
		{944B7520-3EB5-4C6B-9994-719EF1EA73E4} = {198D3C30-E9B0-4DF7-B34D-7CC418F0C4ED}
		{3827DF2E-5C2B-4F0B-B6B2-6B4E84D65BB7} = {198D3C30-E9B0-4DF7-B34D-7CC418F0C4ED}
		{2F6DEE88-1242-4E6A-8308-6C74CD00782E} = {198D3C30-E9B0-4DF7-B34D-7CC418F0C4ED}
		{6190BA3B-DDA4-4D11-864C-0030FC7813EC} = {198D3C30-E9B0-4DF7-B34D-7CC418F0C4ED}
		{BFD05712-C97E-438C-8460-8EF50926C564} = {4383D465-E53A-43D1-B1BA-CD8EE5922079}
		{47306B9C-E7EA-4130-AA4A-C47FC3F55FA9} = {4383D465-E53A-43D1-B1BA-CD8EE5922079}
		{EF84C09A-3619-40C4-9988-3D4494065B43} = {4383D465-E53A-43D1-B1BA-CD8EE5922079}
		{1B9262FA-6287-4B5C-B14F-2AF86B57252A} = {4383D465-E53A-43D1-B1BA-CD8EE5922079}
		{C6A52FF2-F9A5-47D2-B31E-D7CFA1DD69FA} = {063BAE27-FC43-4902-86A7-8F54EDD0E53B}
		{0AA5E2E2-61C0-43AA-A9FE-9E9793452199} = {063BAE27-FC43-4902-86A7-8F54EDD0E53B}
	EndGlobalSection
	GlobalSection(ExtensibilityGlobals) = postSolution
		SolutionGuid = {2553DFD1-745E-4F41-BA6E-4BA5E02411BB}
	EndGlobalSection
EndGlobal
